
Microsoft Visual Studio Solution File, Format Version 12.00
# Visual Studio 15
VisualStudioVersion = 15.0.27004.2008
MinimumVisualStudioVersion = 10.0.40219.1
Project("{FAE04EC0-301F-11D3-BF4B-00C04F79EFBC}") = "Hertzog_4_12", "Hertzog_4_12\Hertzog_4_12.csproj", "{29A8772E-4716-4EAB-A75B-E84775A0B75D}"
EndProject
Global
	GlobalSection(SolutionConfigurationPlatforms) = preSolution
		Debug|Any CPU = Debug|Any CPU
		Release|Any CPU = Release|Any CPU
	EndGlobalSection
	GlobalSection(ProjectConfigurationPlatforms) = postSolution
		{29A8772E-4716-4EAB-A75B-E84775A0B75D}.Debug|Any CPU.ActiveCfg = Debug|Any CPU
		{29A8772E-4716-4EAB-A75B-E84775A0B75D}.Debug|Any CPU.Build.0 = Debug|Any CPU
		{29A8772E-4716-4EAB-A75B-E84775A0B75D}.Release|Any CPU.ActiveCfg = Release|Any CPU
		{29A8772E-4716-4EAB-A75B-E84775A0B75D}.Release|Any CPU.Build.0 = Release|Any CPU
	EndGlobalSection
	GlobalSection(SolutionProperties) = preSolution
		HideSolutionNode = FALSE
	EndGlobalSection
	GlobalSection(ExtensibilityGlobals) = postSolution
		SolutionGuid = {81ED588C-8E3B-4BA3-BE92-5525404B5E81}
	EndGlobalSection
EndGlobal
