
Microsoft Visual Studio Solution File, Format Version 12.00
# Visual Studio 15
VisualStudioVersion = 15.0.27004.2008
MinimumVisualStudioVersion = 10.0.40219.1
Project("{FAE04EC0-301F-11D3-BF4B-00C04F79EFBC}") = "Hertozg_6_5", "Hertozg_6_5\Hertozg_6_5.csproj", "{A7DE005F-A538-42AD-AD01-1DA42ACA6755}"
EndProject
Global
	GlobalSection(SolutionConfigurationPlatforms) = preSolution
		Debug|Any CPU = Debug|Any CPU
		Release|Any CPU = Release|Any CPU
	EndGlobalSection
	GlobalSection(ProjectConfigurationPlatforms) = postSolution
		{A7DE005F-A538-42AD-AD01-1DA42ACA6755}.Debug|Any CPU.ActiveCfg = Debug|Any CPU
		{A7DE005F-A538-42AD-AD01-1DA42ACA6755}.Debug|Any CPU.Build.0 = Debug|Any CPU
		{A7DE005F-A538-42AD-AD01-1DA42ACA6755}.Release|Any CPU.ActiveCfg = Release|Any CPU
		{A7DE005F-A538-42AD-AD01-1DA42ACA6755}.Release|Any CPU.Build.0 = Release|Any CPU
	EndGlobalSection
	GlobalSection(SolutionProperties) = preSolution
		HideSolutionNode = FALSE
	EndGlobalSection
	GlobalSection(ExtensibilityGlobals) = postSolution
		SolutionGuid = {585FFB79-2573-4E09-97F3-678C2138E9BE}
	EndGlobalSection
EndGlobal
